
Microsoft Visual Studio Solution File, Format Version 12.00
# Visual Studio Version 17
VisualStudioVersion = 17.1.32319.34
MinimumVisualStudioVersion = 10.0.40219.1
Project("{FAE04EC0-301F-11D3-BF4B-00C04F79EFBC}") = "PizzeriaCompagnone", "PizzeriaCompagnone\PizzeriaCompagnone.csproj", "{59B6B762-E719-47FC-84AF-D9F72E734A74}"
EndProject
Global
	GlobalSection(SolutionConfigurationPlatforms) = preSolution
		Debug|Any CPU = Debug|Any CPU
		Release|Any CPU = Release|Any CPU
	EndGlobalSection
	GlobalSection(ProjectConfigurationPlatforms) = postSolution
		{59B6B762-E719-47FC-84AF-D9F72E734A74}.Debug|Any CPU.ActiveCfg = Debug|Any CPU
		{59B6B762-E719-47FC-84AF-D9F72E734A74}.Debug|Any CPU.Build.0 = Debug|Any CPU
		{59B6B762-E719-47FC-84AF-D9F72E734A74}.Release|Any CPU.ActiveCfg = Release|Any CPU
		{59B6B762-E719-47FC-84AF-D9F72E734A74}.Release|Any CPU.Build.0 = Release|Any CPU
	EndGlobalSection
	GlobalSection(SolutionProperties) = preSolution
		HideSolutionNode = FALSE
	EndGlobalSection
	GlobalSection(ExtensibilityGlobals) = postSolution
		SolutionGuid = {ACCB2655-BA5C-4CC3-8B61-30E81B376020}
	EndGlobalSection
EndGlobal
